{
  "name": "youtube-audio-grabber",
  "version": "1.0.2",
  "lockfileVersion": 1,
  "requires": true,
  "dependencies": {
    "@types/assert": {
      "version": "0.0.31",
      "resolved": "https://registry.npmjs.org/@types/assert/-/assert-0.0.31.tgz",
      "integrity": "sha1-0fcFlactAlVbfs0o60xo8baRjW0=",
      "dev": true
    },
    "@types/bluebird": {
      "version": "3.5.19",
      "resolved": "https://registry.npmjs.org/@types/bluebird/-/bluebird-3.5.19.tgz",
      "integrity": "sha512-2nHw8pBp6J0N4mHPEO5GJptmd0KKjLFz/wpBiLMOT8UVnGqAP2e7P44wKVj+ujPvsFuIGyB2waDA3dpYX3c6Aw==",
      "dev": true
    },
    "@types/ffmpeg-static": {
      "version": "2.0.0",
      "resolved": "https://registry.npmjs.org/@types/ffmpeg-static/-/ffmpeg-static-2.0.0.tgz",
      "integrity": "sha512-ytooy2ZoIW+nahlxsJaugfY9Q5VYkRb8vzcOQGf1k0OFlwAnpRn59wIuYx04oFjqFvXjszTwJSdVx3qaM3nISQ==",
      "dev": true
    },
    "@types/fs-extra": {
      "version": "4.0.7",
      "resolved": "https://registry.npmjs.org/@types/fs-extra/-/fs-extra-4.0.7.tgz",
      "integrity": "sha512-BN48b/2F3kL0Ual7tjcHjj0Fl+nuYKtHa0G/xT3Q43HuCpN7rQD5vIx6Aqnl9x10oBI5xMJh8Ly+FQpP205JlA==",
      "dev": true,
      "requires": {
        "@types/node": "8.5.2"
      }
    },
    "@types/fs-extra-promise": {
      "version": "1.0.4",
      "resolved": "https://registry.npmjs.org/@types/fs-extra-promise/-/fs-extra-promise-1.0.4.tgz",
      "integrity": "sha512-BEiHDEEJHvY1gYSn7KmHdFwERbpNMrRYIN9Cbum45ZFZt2oWKXg7ZvoUnkOWrLzsFjtG40A4eL/H0fxJXGEtYQ==",
      "dev": true,
      "requires": {
        "@types/bluebird": "3.5.19",
        "@types/fs-extra": "4.0.7",
        "@types/node": "8.5.2"
      }
    },
    "@types/node": {
      "version": "8.5.2",
      "resolved": "https://registry.npmjs.org/@types/node/-/node-8.5.2.tgz",
      "integrity": "sha512-KA4GKOpgXnrqEH2eCVhiv2CsxgXGQJgV1X0vsGlh+WCnxbeAE1GT44ZsTU1IN5dEeV/gDupKa7gWo08V5IxWVQ==",
      "dev": true
    },
    "@types/sanitize-filename": {
      "version": "1.1.28",
      "resolved": "https://registry.npmjs.org/@types/sanitize-filename/-/sanitize-filename-1.1.28.tgz",
      "integrity": "sha1-uqGPXOQzD8uz6nti9lVQlj2aqgc=",
      "dev": true
    },
    "@types/typescript": {
      "version": "2.0.0",
      "resolved": "https://registry.npmjs.org/@types/typescript/-/typescript-2.0.0.tgz",
      "integrity": "sha1-xDNTnJi64oaCswfqp6D9IRW4PCg=",
      "dev": true,
      "requires": {
        "typescript": "2.6.2"
      }
    },
    "assert": {
      "version": "1.4.1",
      "resolved": "https://registry.npmjs.org/assert/-/assert-1.4.1.tgz",
      "integrity": "sha1-mZEtWRg2tab1s0XA8H7vwI/GXZE=",
      "requires": {
        "util": "0.10.3"
      }
    },
    "bluebird": {
      "version": "3.5.1",
      "resolved": "https://registry.npmjs.org/bluebird/-/bluebird-3.5.1.tgz",
      "integrity": "sha512-MKiLiV+I1AA596t9w1sQJ8jkiSr5+ZKi0WKrYGUn6d1Fx+Ij4tIj+m2WMQSGczs5jZVxV339chE8iwk6F64wjA=="
    },
    "ffmpeg-static": {
      "version": "2.1.0",
      "resolved": "https://registry.npmjs.org/ffmpeg-static/-/ffmpeg-static-2.1.0.tgz",
      "integrity": "sha512-tSX2l1iuy6BxSMTNCPheERVmYGQf4NvkQ9feNG8dQ9rRsAIOFMfDc80L78IWPh3WhITa+SSf+wmiIeCR7mHTtQ=="
    },
    "fs-extra": {
      "version": "2.1.2",
      "resolved": "https://registry.npmjs.org/fs-extra/-/fs-extra-2.1.2.tgz",
      "integrity": "sha1-BGxwFjzvmq1GsOSn+kZ/si1x3jU=",
      "requires": {
        "graceful-fs": "4.1.11",
        "jsonfile": "2.4.0"
      }
    },
    "fs-extra-promise": {
      "version": "1.0.1",
      "resolved": "https://registry.npmjs.org/fs-extra-promise/-/fs-extra-promise-1.0.1.tgz",
      "integrity": "sha1-tu0azpexDga5X0WNBRt/BcZhPuY=",
      "requires": {
        "bluebird": "3.5.1",
        "fs-extra": "2.1.2"
      }
    },
    "graceful-fs": {
      "version": "4.1.11",
      "resolved": "https://registry.npmjs.org/graceful-fs/-/graceful-fs-4.1.11.tgz",
      "integrity": "sha1-Dovf5NHduIVNZOBOp8AOKgJuVlg="
    },
    "html-entities": {
      "version": "1.2.1",
      "resolved": "https://registry.npmjs.org/html-entities/-/html-entities-1.2.1.tgz",
      "integrity": "sha1-DfKTUfByEWNRXfueVUPl9u7VFi8="
    },
    "inherits": {
      "version": "2.0.1",
      "resolved": "https://registry.npmjs.org/inherits/-/inherits-2.0.1.tgz",
      "integrity": "sha1-sX0I0ya0Qj5Wjv9xn5GwscvfafE="
    },
    "jsonfile": {
      "version": "2.4.0",
      "resolved": "https://registry.npmjs.org/jsonfile/-/jsonfile-2.4.0.tgz",
      "integrity": "sha1-NzaitCi4e72gzIO1P6PWM6NcKug=",
      "requires": {
        "graceful-fs": "4.1.11"
      }
    },
    "m3u8stream": {
      "version": "0.2.1",
      "resolved": "https://registry.npmjs.org/m3u8stream/-/m3u8stream-0.2.1.tgz",
      "integrity": "sha512-kESIvCcoDOZ2ozD6wGxB962E24nPLDTezIBdqfJH1HxoY/dMTRFXOfq7sXtqPQM3nQihKXlv6pYmUpf01S/tVQ==",
      "requires": {
        "miniget": "1.1.0"
      }
    },
    "miniget": {
      "version": "1.1.0",
      "resolved": "https://registry.npmjs.org/miniget/-/miniget-1.1.0.tgz",
      "integrity": "sha512-ICBPQWEoz19eyPHbXLkvjPi62xLhz2irltks35NCYqzYHO0/35IbAaBP3Bbc4VgAwmloIPEpK7CO4/omOiUfDg=="
    },
    "sanitize-filename": {
      "version": "1.6.1",
      "resolved": "https://registry.npmjs.org/sanitize-filename/-/sanitize-filename-1.6.1.tgz",
      "integrity": "sha1-YS2hyWRz+gLczaktzVtKsWSmdyo=",
      "requires": {
        "truncate-utf8-bytes": "1.0.2"
      }
    },
    "sax": {
      "version": "1.2.4",
      "resolved": "https://registry.npmjs.org/sax/-/sax-1.2.4.tgz",
      "integrity": "sha512-NqVDv9TpANUjFm0N8uM5GxL36UgKi9/atZw+x7YFnQ8ckwFGKrl4xX4yWtrey3UJm5nP1kUbnYgLopqWNSRhWw=="
    },
    "truncate-utf8-bytes": {
      "version": "1.0.2",
      "resolved": "https://registry.npmjs.org/truncate-utf8-bytes/-/truncate-utf8-bytes-1.0.2.tgz",
      "integrity": "sha1-QFkjkJWS1W94pYGENLC3hInKXys=",
      "requires": {
        "utf8-byte-length": "1.0.4"
      }
    },
    "typescript": {
      "version": "2.6.2",
      "resolved": "https://registry.npmjs.org/typescript/-/typescript-2.6.2.tgz",
      "integrity": "sha1-PFtv1/beCRQmkCfwPAlGdY92c6Q=",
      "dev": true
    },
    "utf8-byte-length": {
      "version": "1.0.4",
      "resolved": "https://registry.npmjs.org/utf8-byte-length/-/utf8-byte-length-1.0.4.tgz",
      "integrity": "sha1-9F8VDExm7uloGGUFq5P8u4rWv2E="
    },
    "util": {
      "version": "0.10.3",
      "resolved": "https://registry.npmjs.org/util/-/util-0.10.3.tgz",
      "integrity": "sha1-evsa/lCAUkZInj23/g7TeTNqwPk=",
      "requires": {
        "inherits": "2.0.1"
      }
    },
    "ytdl-core": {
      "version": "0.18.5",
      "resolved": "https://registry.npmjs.org/ytdl-core/-/ytdl-core-0.18.5.tgz",
      "integrity": "sha512-Uvywlpn5geg/i0h2zIx4AhhrNUvAv+lXwqSL1OzuNhAOiJlL9v+VRxVza7yQIc53A9oA+6CMiLYJWTA5zIvotA==",
      "requires": {
        "html-entities": "1.2.1",
        "m3u8stream": "0.2.1",
        "miniget": "1.1.0",
        "sax": "1.2.4"
      }
    }
  }
}
